
Microsoft Visual Studio Solution File, Format Version 12.00
Project("{FAE04EC0-301F-11D3-BF4B-00C04F79EFBC}") = "App", "App\App.csproj", "{3BC0BB5F-DA3F-4876-A3CF-1DAB3434646C}"
EndProject
Project("{FAE04EC0-301F-11D3-BF4B-00C04F79EFBC}") = "App.Test.", "App.Test\App.Test..csproj", "{9F138AE4-895C-4957-B877-ADECA23CCBAA}"
EndProject
Global
	GlobalSection(SolutionConfigurationPlatforms) = preSolution
		Debug|Any CPU = Debug|Any CPU
		Release|Any CPU = Release|Any CPU
	EndGlobalSection
	GlobalSection(ProjectConfigurationPlatforms) = postSolution
		{3BC0BB5F-DA3F-4876-A3CF-1DAB3434646C}.Debug|Any CPU.ActiveCfg = Debug|Any CPU
		{3BC0BB5F-DA3F-4876-A3CF-1DAB3434646C}.Debug|Any CPU.Build.0 = Debug|Any CPU
		{3BC0BB5F-DA3F-4876-A3CF-1DAB3434646C}.Release|Any CPU.ActiveCfg = Release|Any CPU
		{3BC0BB5F-DA3F-4876-A3CF-1DAB3434646C}.Release|Any CPU.Build.0 = Release|Any CPU
		{9F138AE4-895C-4957-B877-ADECA23CCBAA}.Debug|Any CPU.ActiveCfg = Debug|Any CPU
		{9F138AE4-895C-4957-B877-ADECA23CCBAA}.Debug|Any CPU.Build.0 = Debug|Any CPU
		{9F138AE4-895C-4957-B877-ADECA23CCBAA}.Release|Any CPU.ActiveCfg = Release|Any CPU
		{9F138AE4-895C-4957-B877-ADECA23CCBAA}.Release|Any CPU.Build.0 = Release|Any CPU
	EndGlobalSection
EndGlobal
